// !$*UTF8*$!
{
	archiveVersion = 1;
	classes = {
	};
	objectVersion = 50;
	objects = {

/* Begin PBXBuildFile section */
		5BCBF7CE253D8CBD003261A1 /* characterView.swift in Sources */ = {isa = PBXBuildFile; fileRef = 5BCBF7CD253D8CBD003261A1 /* characterView.swift */; };
		5BCBF7DB253D9161003261A1 /* aboutView.swift in Sources */ = {isa = PBXBuildFile; fileRef = 5BCBF7DA253D9161003261A1 /* aboutView.swift */; };
		D11C5E4D257BE8F80002E0A7 /* musicView.swift in Sources */ = {isa = PBXBuildFile; fileRef = D11C5E4C257BE8F80002E0A7 /* musicView.swift */; };
		D11C5E52257BEA7B0002E0A7 /* Naruto_Main_Theme.mp3 in Resources */ = {isa = PBXBuildFile; fileRef = D11C5E51257BEA7B0002E0A7 /* Naruto_Main_Theme.mp3 */; };
		D1AB1A58253AD4C500302A9C /* NARUTOeBookApp.swift in Sources */ = {isa = PBXBuildFile; fileRef = D1AB1A57253AD4C500302A9C /* NARUTOeBookApp.swift */; };
		D1AB1A5A253AD4C500302A9C /* ContentView.swift in Sources */ = {isa = PBXBuildFile; fileRef = D1AB1A59253AD4C500302A9C /* ContentView.swift */; };
		D1AB1A5C253AD4C600302A9C /* Assets.xcassets in Resources */ = {isa = PBXBuildFile; fileRef = D1AB1A5B253AD4C600302A9C /* Assets.xcassets */; };
		D1AB1A5F253AD4C600302A9C /* Preview Assets.xcassets in Resources */ = {isa = PBXBuildFile; fileRef = D1AB1A5E253AD4C600302A9C /* Preview Assets.xcassets */; };
		D1AB1A6A253AD4C600302A9C /* NARUTOeBookTests.swift in Sources */ = {isa = PBXBuildFile; fileRef = D1AB1A69253AD4C600302A9C /* NARUTOeBookTests.swift */; };
		D1AB1A75253AD4C600302A9C /* NARUTOeBookUITests.swift in Sources */ = {isa = PBXBuildFile; fileRef = D1AB1A74253AD4C600302A9C /* NARUTOeBookUITests.swift */; };
		D1AB1A86253B32EA00302A9C /* mainView.swift in Sources */ = {isa = PBXBuildFile; fileRef = D1AB1A85253B32EA00302A9C /* mainView.swift */; };
		D1AB1A8B253B401B00302A9C /* dataSet.swift in Sources */ = {isa = PBXBuildFile; fileRef = D1AB1A8A253B401B00302A9C /* dataSet.swift */; };
/* End PBXBuildFile section */

/* Begin PBXContainerItemProxy section */
		D1AB1A66253AD4C600302A9C /* PBXContainerItemProxy */ = {
			isa = PBXContainerItemProxy;
			containerPortal = D1AB1A4C253AD4C500302A9C /* Project object */;
			proxyType = 1;
			remoteGlobalIDString = D1AB1A53253AD4C500302A9C;
			remoteInfo = NARUTOeBook;
		};
		D1AB1A71253AD4C600302A9C /* PBXContainerItemProxy */ = {
			isa = PBXContainerItemProxy;
			containerPortal = D1AB1A4C253AD4C500302A9C /* Project object */;
			proxyType = 1;
			remoteGlobalIDString = D1AB1A53253AD4C500302A9C;
			remoteInfo = NARUTOeBook;
		};
/* End PBXContainerItemProxy section */

/* Begin PBXFileReference section */
		5BCBF7CD253D8CBD003261A1 /* characterView.swift */ = {isa = PBXFileReference; lastKnownFileType = sourcecode.swift; path = characterView.swift; sourceTree = "<group>"; };
		5BCBF7DA253D9161003261A1 /* aboutView.swift */ = {isa = PBXFileReference; lastKnownFileType = sourcecode.swift; path = aboutView.swift; sourceTree = "<group>"; };
		D11C5E4C257BE8F80002E0A7 /* musicView.swift */ = {isa = PBXFileReference; lastKnownFileType = sourcecode.swift; path = musicView.swift; sourceTree = "<group>"; };
		D11C5E51257BEA7B0002E0A7 /* Naruto_Main_Theme.mp3 */ = {isa = PBXFileReference; lastKnownFileType = audio.mp3; path = Naruto_Main_Theme.mp3; sourceTree = "<group>"; };
		D1AB1A54253AD4C500302A9C /* NARUTOeBook.app */ = {isa = PBXFileReference; explicitFileType = wrapper.application; includeInIndex = 0; path = NARUTOeBook.app; sourceTree = BUILT_PRODUCTS_DIR; };
		D1AB1A57253AD4C500302A9C /* NARUTOeBookApp.swift */ = {isa = PBXFileReference; lastKnownFileType = sourcecode.swift; path = NARUTOeBookApp.swift; sourceTree = "<group>"; };
		D1AB1A59253AD4C500302A9C /* ContentView.swift */ = {isa = PBXFileReference; lastKnownFileType = sourcecode.swift; path = ContentView.swift; sourceTree = "<group>"; };
		D1AB1A5B253AD4C600302A9C /* Assets.xcassets */ = {isa = PBXFileReference; lastKnownFileType = folder.assetcatalog; path = Assets.xcassets; sourceTree = "<group>"; };
		D1AB1A5E253AD4C600302A9C /* Preview Assets.xcassets */ = {isa = PBXFileReference; lastKnownFileType = folder.assetcatalog; path = "Preview Assets.xcassets"; sourceTree = "<group>"; };
		D1AB1A60253AD4C600302A9C /* Info.plist */ = {isa = PBXFileReference; lastKnownFileType = text.plist.xml; path = Info.plist; sourceTree = "<group>"; };
		D1AB1A65253AD4C600302A9C /* NARUTOeBookTests.xctest */ = {isa = PBXFileReference; explicitFileType = wrapper.cfbundle; includeInIndex = 0; path = NARUTOeBookTests.xctest; sourceTree = BUILT_PRODUCTS_DIR; };
		D1AB1A69253AD4C600302A9C /* NARUTOeBookTests.swift */ = {isa = PBXFileReference; lastKnownFileType = sourcecode.swift; path = NARUTOeBookTests.swift; sourceTree = "<group>"; };
		D1AB1A6B253AD4C600302A9C /* Info.plist */ = {isa = PBXFileReference; lastKnownFileType = text.plist.xml; path = Info.plist; sourceTree = "<group>"; };
		D1AB1A70253AD4C600302A9C /* NARUTOeBookUITests.xctest */ = {isa = PBXFileReference; explicitFileType = wrapper.cfbundle; includeInIndex = 0; path = NARUTOeBookUITests.xctest; sourceTree = BUILT_PRODUCTS_DIR; };
		D1AB1A74253AD4C600302A9C /* NARUTOeBookUITests.swift */ = {isa = PBXFileReference; lastKnownFileType = sourcecode.swift; path = NARUTOeBookUITests.swift; sourceTree = "<group>"; };
		D1AB1A76253AD4C600302A9C /* Info.plist */ = {isa = PBXFileReference; lastKnownFileType = text.plist.xml; path = Info.plist; sourceTree = "<group>"; };
		D1AB1A85253B32EA00302A9C /* mainView.swift */ = {isa = PBXFileReference; lastKnownFileType = sourcecode.swift; path = mainView.swift; sourceTree = "<group>"; };
		D1AB1A8A253B401B00302A9C /* dataSet.swift */ = {isa = PBXFileReference; lastKnownFileType = sourcecode.swift; path = dataSet.swift; sourceTree = "<group>"; };
/* End PBXFileReference section */

/* Begin PBXFrameworksBuildPhase section */
		D1AB1A51253AD4C500302A9C /* Frameworks */ = {
			isa = PBXFrameworksBuildPhase;
			buildActionMask = 2147483647;
			files = (
			);
			runOnlyForDeploymentPostprocessing = 0;
		};
		D1AB1A62253AD4C600302A9C /* Frameworks */ = {
			isa = PBXFrameworksBuildPhase;
			buildActionMask = 2147483647;
			files = (
			);
			runOnlyForDeploymentPostprocessing = 0;
		};
		D1AB1A6D253AD4C600302A9C /* Frameworks */ = {
			isa = PBXFrameworksBuildPhase;
			buildActionMask = 2147483647;
			files = (
			);
			runOnlyForDeploymentPostprocessing = 0;
		};
/* End PBXFrameworksBuildPhase section */

/* Begin PBXGroup section */
		D1AB1A4B253AD4C500302A9C = {
			isa = PBXGroup;
			children = (
				D1AB1A56253AD4C500302A9C /* NARUTOeBook */,
				D1AB1A68253AD4C600302A9C /* NARUTOeBookTests */,
				D1AB1A73253AD4C600302A9C /* NARUTOeBookUITests */,
				D1AB1A55253AD4C500302A9C /* Products */,
			);
			sourceTree = "<group>";
		};
		D1AB1A55253AD4C500302A9C /* Products */ = {
			isa = PBXGroup;
			children = (
				D1AB1A54253AD4C500302A9C /* NARUTOeBook.app */,
				D1AB1A65253AD4C600302A9C /* NARUTOeBookTests.xctest */,
				D1AB1A70253AD4C600302A9C /* NARUTOeBookUITests.xctest */,
			);
			name = Products;
			sourceTree = "<group>";
		};
		D1AB1A56253AD4C500302A9C /* NARUTOeBook */ = {
			isa = PBXGroup;
			children = (
				D11C5E51257BEA7B0002E0A7 /* Naruto_Main_Theme.mp3 */,
				D1AB1A57253AD4C500302A9C /* NARUTOeBookApp.swift */,
				D1AB1A59253AD4C500302A9C /* ContentView.swift */,
				5BCBF7DA253D9161003261A1 /* aboutView.swift */,
				D1AB1A85253B32EA00302A9C /* mainView.swift */,
				5BCBF7CD253D8CBD003261A1 /* characterView.swift */,
				D1AB1A8A253B401B00302A9C /* dataSet.swift */,
				D1AB1A5B253AD4C600302A9C /* Assets.xcassets */,
				D11C5E4C257BE8F80002E0A7 /* musicView.swift */,
				D1AB1A60253AD4C600302A9C /* Info.plist */,
				D1AB1A5D253AD4C600302A9C /* Preview Content */,
			);
			path = NARUTOeBook;
			sourceTree = "<group>";
		};
		D1AB1A5D253AD4C600302A9C /* Preview Content */ = {
			isa = PBXGroup;
			children = (
				D1AB1A5E253AD4C600302A9C /* Preview Assets.xcassets */,
			);
			path = "Preview Content";
			sourceTree = "<group>";
		};
		D1AB1A68253AD4C600302A9C /* NARUTOeBookTests */ = {
			isa = PBXGroup;
			children = (
				D1AB1A69253AD4C600302A9C /* NARUTOeBookTests.swift */,
				D1AB1A6B253AD4C600302A9C /* Info.plist */,
			);
			path = NARUTOeBookTests;
			sourceTree = "<group>";
		};
		D1AB1A73253AD4C600302A9C /* NARUTOeBookUITests */ = {
			isa = PBXGroup;
			children = (
				D1AB1A74253AD4C600302A9C /* NARUTOeBookUITests.swift */,
				D1AB1A76253AD4C600302A9C /* Info.plist */,
			);
			path = NARUTOeBookUITests;
			sourceTree = "<group>";
		};
/* End PBXGroup section */

/* Begin PBXNativeTarget section */
		D1AB1A53253AD4C500302A9C /* NARUTOeBook */ = {
			isa = PBXNativeTarget;
			buildConfigurationList = D1AB1A79253AD4C600302A9C /* Build configuration list for PBXNativeTarget "NARUTOeBook" */;
			buildPhases = (
				D1AB1A50253AD4C500302A9C /* Sources */,
				D1AB1A51253AD4C500302A9C /* Frameworks */,
				D1AB1A52253AD4C500302A9C /* Resources */,
			);
			buildRules = (
			);
			dependencies = (
			);
			name = NARUTOeBook;
			productName = NARUTOeBook;
			productReference = D1AB1A54253AD4C500302A9C /* NARUTOeBook.app */;
			productType = "com.apple.product-type.application";
		};
		D1AB1A64253AD4C600302A9C /* NARUTOeBookTests */ = {
			isa = PBXNativeTarget;
			buildConfigurationList = D1AB1A7C253AD4C600302A9C /* Build configuration list for PBXNativeTarget "NARUTOeBookTests" */;
			buildPhases = (
				D1AB1A61253AD4C600302A9C /* Sources */,
				D1AB1A62253AD4C600302A9C /* Frameworks */,
				D1AB1A63253AD4C600302A9C /* Resources */,
			);
			buildRules = (
			);
			dependencies = (
				D1AB1A67253AD4C600302A9C /* PBXTargetDependency */,
			);
			name = NARUTOeBookTests;
			productName = NARUTOeBookTests;
			productReference = D1AB1A65253AD4C600302A9C /* NARUTOeBookTests.xctest */;
			productType = "com.apple.product-type.bundle.unit-test";
		};
		D1AB1A6F253AD4C600302A9C /* NARUTOeBookUITests */ = {
			isa = PBXNativeTarget;
			buildConfigurationList = D1AB1A7F253AD4C600302A9C /* Build configuration list for PBXNativeTarget "NARUTOeBookUITests" */;
			buildPhases = (
				D1AB1A6C253AD4C600302A9C /* Sources */,
				D1AB1A6D253AD4C600302A9C /* Frameworks */,
				D1AB1A6E253AD4C600302A9C /* Resources */,
			);
			buildRules = (
			);
			dependencies = (
				D1AB1A72253AD4C600302A9C /* PBXTargetDependency */,
			);
			name = NARUTOeBookUITests;
			productName = NARUTOeBookUITests;
			productReference = D1AB1A70253AD4C600302A9C /* NARUTOeBookUITests.xctest */;
			productType = "com.apple.product-type.bundle.ui-testing";
		};
/* End PBXNativeTarget section */

/* Begin PBXProject section */
		D1AB1A4C253AD4C500302A9C /* Project object */ = {
			isa = PBXProject;
			attributes = {
				LastSwiftUpdateCheck = 1200;
				LastUpgradeCheck = 1200;
				TargetAttributes = {
					D1AB1A53253AD4C500302A9C = {
						CreatedOnToolsVersion = 12.0.1;
					};
					D1AB1A64253AD4C600302A9C = {
						CreatedOnToolsVersion = 12.0.1;
						TestTargetID = D1AB1A53253AD4C500302A9C;
					};
					D1AB1A6F253AD4C600302A9C = {
						CreatedOnToolsVersion = 12.0.1;
						TestTargetID = D1AB1A53253AD4C500302A9C;
					};
				};
			};
			buildConfigurationList = D1AB1A4F253AD4C500302A9C /* Build configuration list for PBXProject "NARUTOeBook" */;
			compatibilityVersion = "Xcode 9.3";
			developmentRegion = en;
			hasScannedForEncodings = 0;
			knownRegions = (
				en,
				Base,
			);
			mainGroup = D1AB1A4B253AD4C500302A9C;
			productRefGroup = D1AB1A55253AD4C500302A9C /* Products */;
			projectDirPath = "";
			projectRoot = "";
			targets = (
				D1AB1A53253AD4C500302A9C /* NARUTOeBook */,
				D1AB1A64253AD4C600302A9C /* NARUTOeBookTests */,
				D1AB1A6F253AD4C600302A9C /* NARUTOeBookUITests */,
			);
		};
/* End PBXProject section */

/* Begin PBXResourcesBuildPhase section */
		D1AB1A52253AD4C500302A9C /* Resources */ = {
			isa = PBXResourcesBuildPhase;
			buildActionMask = 2147483647;
			files = (
				D11C5E52257BEA7B0002E0A7 /* Naruto_Main_Theme.mp3 in Resources */,
				D1AB1A5F253AD4C600302A9C /* Preview Assets.xcassets in Resources */,
				D1AB1A5C253AD4C600302A9C /* Assets.xcassets in Resources */,
			);
			runOnlyForDeploymentPostprocessing = 0;
		};
		D1AB1A63253AD4C600302A9C /* Resources */ = {
			isa = PBXResourcesBuildPhase;
			buildActionMask = 2147483647;
			files = (
			);
			runOnlyForDeploymentPostprocessing = 0;
		};
		D1AB1A6E253AD4C600302A9C /* Resources */ = {
			isa = PBXResourcesBuildPhase;
			buildActionMask = 2147483647;
			files = (
			);
			runOnlyForDeploymentPostprocessing = 0;
		};
/* End PBXResourcesBuildPhase section */

/* Begin PBXSourcesBuildPhase section */
		D1AB1A50253AD4C500302A9C /* Sources */ = {
			isa = PBXSourcesBuildPhase;
			buildActionMask = 2147483647;
			files = (
				D1AB1A86253B32EA00302A9C /* mainView.swift in Sources */,
				D1AB1A5A253AD4C500302A9C /* ContentView.swift in Sources */,
				D1AB1A8B253B401B00302A9C /* dataSet.swift in Sources */,
				D11C5E4D257BE8F80002E0A7 /* musicView.swift in Sources */,
				5BCBF7CE253D8CBD003261A1 /* characterView.swift in Sources */,
				5BCBF7DB253D9161003261A1 /* aboutView.swift in Sources */,
				D1AB1A58253AD4C500302A9C /* NARUTOeBookApp.swift in Sources */,
			);
			runOnlyForDeploymentPostprocessing = 0;
		};
		D1AB1A61253AD4C600302A9C /* Sources */ = {
			isa = PBXSourcesBuildPhase;
			buildActionMask = 2147483647;
			files = (
				D1AB1A6A253AD4C600302A9C /* NARUTOeBookTests.swift in Sources */,
			);
			runOnlyForDeploymentPostprocessing = 0;
		};
		D1AB1A6C253AD4C600302A9C /* Sources */ = {
			isa = PBXSourcesBuildPhase;
			buildActionMask = 2147483647;
			files = (
				D1AB1A75253AD4C600302A9C /* NARUTOeBookUITests.swift in Sources */,
			);
			runOnlyForDeploymentPostprocessing = 0;
		};
/* End PBXSourcesBuildPhase section */

/* Begin PBXTargetDependency section */
		D1AB1A67253AD4C600302A9C /* PBXTargetDependency */ = {
			isa = PBXTargetDependency;
			target = D1AB1A53253AD4C500302A9C /* NARUTOeBook */;
			targetProxy = D1AB1A66253AD4C600302A9C /* PBXContainerItemProxy */;
		};
		D1AB1A72253AD4C600302A9C /* PBXTargetDependency */ = {
			isa = PBXTargetDependency;
			target = D1AB1A53253AD4C500302A9C /* NARUTOeBook */;
			targetProxy = D1AB1A71253AD4C600302A9C /* PBXContainerItemProxy */;
		};
/* End PBXTargetDependency section */

/* Begin XCBuildConfiguration section */
		D1AB1A77253AD4C600302A9C /* Debug */ = {
			isa = XCBuildConfiguration;
			buildSettings = {
				ALWAYS_SEARCH_USER_PATHS = NO;
				CLANG_ANALYZER_NONNULL = YES;
				CLANG_ANALYZER_NUMBER_OBJECT_CONVERSION = YES_AGGRESSIVE;
				CLANG_CXX_LANGUAGE_STANDARD = "gnu++14";
				CLANG_CXX_LIBRARY = "libc++";
				CLANG_ENABLE_MODULES = YES;
				CLANG_ENABLE_OBJC_ARC = YES;
				CLANG_ENABLE_OBJC_WEAK = YES;
				CLANG_WARN_BLOCK_CAPTURE_AUTORELEASING = YES;
				CLANG_WARN_BOOL_CONVERSION = YES;
				CLANG_WARN_COMMA = YES;
				CLANG_WARN_CONSTANT_CONVERSION = YES;
				CLANG_WARN_DEPRECATED_OBJC_IMPLEMENTATIONS = YES;
				CLANG_WARN_DIRECT_OBJC_ISA_USAGE = YES_ERROR;
				CLANG_WARN_DOCUMENTATION_COMMENTS = YES;
				CLANG_WARN_EMPTY_BODY = YES;
				CLANG_WARN_ENUM_CONVERSION = YES;
				CLANG_WARN_INFINITE_RECURSION = YES;
				CLANG_WARN_INT_CONVERSION = YES;
				CLANG_WARN_NON_LITERAL_NULL_CONVERSION = YES;
				CLANG_WARN_OBJC_IMPLICIT_RETAIN_SELF = YES;
				CLANG_WARN_OBJC_LITERAL_CONVERSION = YES;
				CLANG_WARN_OBJC_ROOT_CLASS = YES_ERROR;
				CLANG_WARN_QUOTED_INCLUDE_IN_FRAMEWORK_HEADER = YES;
				CLANG_WARN_RANGE_LOOP_ANALYSIS = YES;
				CLANG_WARN_STRICT_PROTOTYPES = YES;
				CLANG_WARN_SUSPICIOUS_MOVE = YES;
				CLANG_WARN_UNGUARDED_AVAILABILITY = YES_AGGRESSIVE;
				CLANG_WARN_UNREACHABLE_CODE = YES;
				CLANG_WARN__DUPLICATE_METHOD_MATCH = YES;
				COPY_PHASE_STRIP = NO;
				DEBUG_INFORMATION_FORMAT = dwarf;
				ENABLE_STRICT_OBJC_MSGSEND = YES;
				ENABLE_TESTABILITY = YES;
				GCC_C_LANGUAGE_STANDARD = gnu11;
				GCC_DYNAMIC_NO_PIC = NO;
				GCC_NO_COMMON_BLOCKS = YES;
				GCC_OPTIMIZATION_LEVEL = 0;
				GCC_PREPROCESSOR_DEFINITIONS = (
					"DEBUG=1",
					"$(inherited)",
				);
				GCC_WARN_64_TO_32_BIT_CONVERSION = YES;
				GCC_WARN_ABOUT_RETURN_TYPE = YES_ERROR;
				GCC_WARN_UNDECLARED_SELECTOR = YES;
				GCC_WARN_UNINITIALIZED_AUTOS = YES_AGGRESSIVE;
				GCC_WARN_UNUSED_FUNCTION = YES;
				GCC_WARN_UNUSED_VARIABLE = YES;
				IPHONEOS_DEPLOYMENT_TARGET = 14.0;
				MTL_ENABLE_DEBUG_INFO = INCLUDE_SOURCE;
				MTL_FAST_MATH = YES;
				ONLY_ACTIVE_ARCH = YES;
				SDKROOT = iphoneos;
				SWIFT_ACTIVE_COMPILATION_CONDITIONS = DEBUG;
				SWIFT_OPTIMIZATION_LEVEL = "-Onone";
			};
			name = Debug;
		};
		D1AB1A78253AD4C600302A9C /* Release */ = {
			isa = XCBuildConfiguration;
			buildSettings = {
				ALWAYS_SEARCH_USER_PATHS = NO;
				CLANG_ANALYZER_NONNULL = YES;
				CLANG_ANALYZER_NUMBER_OBJECT_CONVERSION = YES_AGGRESSIVE;
				CLANG_CXX_LANGUAGE_STANDARD = "gnu++14";
				CLANG_CXX_LIBRARY = "libc++";
				CLANG_ENABLE_MODULES = YES;
				CLANG_ENABLE_OBJC_ARC = YES;
				CLANG_ENABLE_OBJC_WEAK = YES;
				CLANG_WARN_BLOCK_CAPTURE_AUTORELEASING = YES;
				CLANG_WARN_BOOL_CONVERSION = YES;
				CLANG_WARN_COMMA = YES;
				CLANG_WARN_CONSTANT_CONVERSION = YES;
				CLANG_WARN_DEPRECATED_OBJC_IMPLEMENTATIONS = YES;
				CLANG_WARN_DIRECT_OBJC_ISA_USAGE = YES_ERROR;
				CLANG_WARN_DOCUMENTATION_COMMENTS = YES;
				CLANG_WARN_EMPTY_BODY = YES;
				CLANG_WARN_ENUM_CONVERSION = YES;
				CLANG_WARN_INFINITE_RECURSION = YES;
				CLANG_WARN_INT_CONVERSION = YES;
				CLANG_WARN_NON_LITERAL_NULL_CONVERSION = YES;
				CLANG_WARN_OBJC_IMPLICIT_RETAIN_SELF = YES;
				CLANG_WARN_OBJC_LITERAL_CONVERSION = YES;
				CLANG_WARN_OBJC_ROOT_CLASS = YES_ERROR;
				CLANG_WARN_QUOTED_INCLUDE_IN_FRAMEWORK_HEADER = YES;
				CLANG_WARN_RANGE_LOOP_ANALYSIS = YES;
				CLANG_WARN_STRICT_PROTOTYPES = YES;
				CLANG_WARN_SUSPICIOUS_MOVE = YES;
				CLANG_WARN_UNGUARDED_AVAILABILITY = YES_AGGRESSIVE;
				CLANG_WARN_UNREACHABLE_CODE = YES;
				CLANG_WARN__DUPLICATE_METHOD_MATCH = YES;
				COPY_PHASE_STRIP = NO;
				DEBUG_INFORMATION_FORMAT = "dwarf-with-dsym";
				ENABLE_NS_ASSERTIONS = NO;
				ENABLE_STRICT_OBJC_MSGSEND = YES;
				GCC_C_LANGUAGE_STANDARD = gnu11;
				GCC_NO_COMMON_BLOCKS = YES;
				GCC_WARN_64_TO_32_BIT_CONVERSION = YES;
				GCC_WARN_ABOUT_RETURN_TYPE = YES_ERROR;
				GCC_WARN_UNDECLARED_SELECTOR = YES;
				GCC_WARN_UNINITIALIZED_AUTOS = YES_AGGRESSIVE;
				GCC_WARN_UNUSED_FUNCTION = YES;
				GCC_WARN_UNUSED_VARIABLE = YES;
				IPHONEOS_DEPLOYMENT_TARGET = 14.0;
				MTL_ENABLE_DEBUG_INFO = NO;
				MTL_FAST_MATH = YES;
				SDKROOT = iphoneos;
				SWIFT_COMPILATION_MODE = wholemodule;
				SWIFT_OPTIMIZATION_LEVEL = "-O";
				VALIDATE_PRODUCT = YES;
			};
			name = Release;
		};
		D1AB1A7A253AD4C600302A9C /* Debug */ = {
			isa = XCBuildConfiguration;
			buildSettings = {
				ASSETCATALOG_COMPILER_APPICON_NAME = AppIcon;
				ASSETCATALOG_COMPILER_GLOBAL_ACCENT_COLOR_NAME = AccentColor;
				CODE_SIGN_STYLE = Automatic;
				DEVELOPMENT_ASSET_PATHS = "\"NARUTOeBook/Preview Content\"";
				ENABLE_PREVIEWS = YES;
				INFOPLIST_FILE = NARUTOeBook/Info.plist;
				IPHONEOS_DEPLOYMENT_TARGET = 14.0;
				LD_RUNPATH_SEARCH_PATHS = (
					"$(inherited)",
					"@executable_path/Frameworks",
				);
				PRODUCT_BUNDLE_IDENTIFIER = lin1999.NARUTOeBook;
				PRODUCT_NAME = "$(TARGET_NAME)";
				SWIFT_VERSION = 5.0;
				TARGETED_DEVICE_FAMILY = "1,2";
			};
			name = Debug;
		};
		D1AB1A7B253AD4C600302A9C /* Release */ = {
			isa = XCBuildConfiguration;
			buildSettings = {
				ASSETCATALOG_COMPILER_APPICON_NAME = AppIcon;
				ASSETCATALOG_COMPILER_GLOBAL_ACCENT_COLOR_NAME = AccentColor;
				CODE_SIGN_STYLE = Automatic;
				DEVELOPMENT_ASSET_PATHS = "\"NARUTOeBook/Preview Content\"";
				ENABLE_PREVIEWS = YES;
				INFOPLIST_FILE = NARUTOeBook/Info.plist;
				IPHONEOS_DEPLOYMENT_TARGET = 14.0;
				LD_RUNPATH_SEARCH_PATHS = (
					"$(inherited)",
					"@executable_path/Frameworks",
				);
				PRODUCT_BUNDLE_IDENTIFIER = lin1999.NARUTOeBook;
				PRODUCT_NAME = "$(TARGET_NAME)";
				SWIFT_VERSION = 5.0;
				TARGETED_DEVICE_FAMILY = "1,2";
			};
			name = Release;
		};
		D1AB1A7D253AD4C600302A9C /* Debug */ = {
			isa = XCBuildConfiguration;
			buildSettings = {
				ALWAYS_EMBED_SWIFT_STANDARD_LIBRARIES = YES;
				BUNDLE_LOADER = "$(TEST_HOST)";
				CODE_SIGN_STYLE = Automatic;
				INFOPLIST_FILE = NARUTOeBookTests/Info.plist;
				IPHONEOS_DEPLOYMENT_TARGET = 14.0;
				LD_RUNPATH_SEARCH_PATHS = (
					"$(inherited)",
					"@executable_path/Frameworks",
					"@loader_path/Frameworks",
				);
				PRODUCT_BUNDLE_IDENTIFIER = lin1999.NARUTOeBookTests;
				PRODUCT_NAME = "$(TARGET_NAME)";
				SWIFT_VERSION = 5.0;
				TARGETED_DEVICE_FAMILY = "1,2";
				TEST_HOST = "$(BUILT_PRODUCTS_DIR)/NARUTOeBook.app/NARUTOeBook";
			};
			name = Debug;
		};
		D1AB1A7E253AD4C600302A9C /* Release */ = {
			isa = XCBuildConfiguration;
			buildSettings = {
				ALWAYS_EMBED_SWIFT_STANDARD_LIBRARIES = YES;
				BUNDLE_LOADER = "$(TEST_HOST)";
				CODE_SIGN_STYLE = Automatic;
				INFOPLIST_FILE = NARUTOeBookTests/Info.plist;
				IPHONEOS_DEPLOYMENT_TARGET = 14.0;
				LD_RUNPATH_SEARCH_PATHS = (
					"$(inherited)",
					"@executable_path/Frameworks",
					"@loader_path/Frameworks",
				);
				PRODUCT_BUNDLE_IDENTIFIER = lin1999.NARUTOeBookTests;
				PRODUCT_NAME = "$(TARGET_NAME)";
				SWIFT_VERSION = 5.0;
				TARGETED_DEVICE_FAMILY = "1,2";
				TEST_HOST = "$(BUILT_PRODUCTS_DIR)/NARUTOeBook.app/NARUTOeBook";
			};
			name = Release;
		};
		D1AB1A80253AD4C600302A9C /* Debug */ = {
			isa = XCBuildConfiguration;
			buildSettings = {
				ALWAYS_EMBED_SWIFT_STANDARD_LIBRARIES = YES;
				CODE_SIGN_STYLE = Automatic;
				INFOPLIST_FILE = NARUTOeBookUITests/Info.plist;
				LD_RUNPATH_SEARCH_PATHS = (
					"$(inherited)",
					"@executable_path/Frameworks",
					"@loader_path/Frameworks",
				);
				PRODUCT_BUNDLE_IDENTIFIER = lin1999.NARUTOeBookUITests;
				PRODUCT_NAME = "$(TARGET_NAME)";
				SWIFT_VERSION = 5.0;
				TARGETED_DEVICE_FAMILY = "1,2";
				TEST_TARGET_NAME = NARUTOeBook;
			};
			name = Debug;
		};
		D1AB1A81253AD4C600302A9C /* Release */ = {
			isa = XCBuildConfiguration;
			buildSettings = {
				ALWAYS_EMBED_SWIFT_STANDARD_LIBRARIES = YES;
				CODE_SIGN_STYLE = Automatic;
				INFOPLIST_FILE = NARUTOeBookUITests/Info.plist;
				LD_RUNPATH_SEARCH_PATHS = (
					"$(inherited)",
					"@executable_path/Frameworks",
					"@loader_path/Frameworks",
				);
				PRODUCT_BUNDLE_IDENTIFIER = lin1999.NARUTOeBookUITests;
				PRODUCT_NAME = "$(TARGET_NAME)";
				SWIFT_VERSION = 5.0;
				TARGETED_DEVICE_FAMILY = "1,2";
				TEST_TARGET_NAME = NARUTOeBook;
			};
			name = Release;
		};
/* End XCBuildConfiguration section */

/* Begin XCConfigurationList section */
		D1AB1A4F253AD4C500302A9C /* Build configuration list for PBXProject "NARUTOeBook" */ = {
			isa = XCConfigurationList;
			buildConfigurations = (
				D1AB1A77253AD4C600302A9C /* Debug */,
				D1AB1A78253AD4C600302A9C /* Release */,
			);
			defaultConfigurationIsVisible = 0;
			defaultConfigurationName = Release;
		};
		D1AB1A79253AD4C600302A9C /* Build configuration list for PBXNativeTarget "NARUTOeBook" */ = {
			isa = XCConfigurationList;
			buildConfigurations = (
				D1AB1A7A253AD4C600302A9C /* Debug */,
				D1AB1A7B253AD4C600302A9C /* Release */,
			);
			defaultConfigurationIsVisible = 0;
			defaultConfigurationName = Release;
		};
		D1AB1A7C253AD4C600302A9C /* Build configuration list for PBXNativeTarget "NARUTOeBookTests" */ = {
			isa = XCConfigurationList;
			buildConfigurations = (
				D1AB1A7D253AD4C600302A9C /* Debug */,
				D1AB1A7E253AD4C600302A9C /* Release */,
			);
			defaultConfigurationIsVisible = 0;
			defaultConfigurationName = Release;
		};
		D1AB1A7F253AD4C600302A9C /* Build configuration list for PBXNativeTarget "NARUTOeBookUITests" */ = {
			isa = XCConfigurationList;
			buildConfigurations = (
				D1AB1A80253AD4C600302A9C /* Debug */,
				D1AB1A81253AD4C600302A9C /* Release */,
			);
			defaultConfigurationIsVisible = 0;
			defaultConfigurationName = Release;
		};
/* End XCConfigurationList section */
	};
	rootObject = D1AB1A4C253AD4C500302A9C /* Project object */;
}
